
Microsoft Visual Studio Solution File, Format Version 12.00
# Visual Studio Version 16
VisualStudioVersion = 16.0.32413.511
MinimumVisualStudioVersion = 10.0.40219.1
Project("{FAE04EC0-301F-11D3-BF4B-00C04F79EFBC}") = "Aggregator", "Aggregator\Aggregator.csproj", "{44479466-5FC8-421B-B0CF-69FC74F06DFC}"
EndProject
Global
	GlobalSection(SolutionConfigurationPlatforms) = preSolution
		Debug|Any CPU = Debug|Any CPU
		Release|Any CPU = Release|Any CPU
	EndGlobalSection
	GlobalSection(ProjectConfigurationPlatforms) = postSolution
		{44479466-5FC8-421B-B0CF-69FC74F06DFC}.Debug|Any CPU.ActiveCfg = Debug|Any CPU
		{44479466-5FC8-421B-B0CF-69FC74F06DFC}.Debug|Any CPU.Build.0 = Debug|Any CPU
		{44479466-5FC8-421B-B0CF-69FC74F06DFC}.Release|Any CPU.ActiveCfg = Release|Any CPU
		{44479466-5FC8-421B-B0CF-69FC74F06DFC}.Release|Any CPU.Build.0 = Release|Any CPU
	EndGlobalSection
	GlobalSection(SolutionProperties) = preSolution
		HideSolutionNode = FALSE
	EndGlobalSection
	GlobalSection(ExtensibilityGlobals) = postSolution
		SolutionGuid = {6C802431-69F5-414A-9A40-672221DF5C7E}
	EndGlobalSection
EndGlobal
